
Microsoft Visual Studio Solution File, Format Version 12.00
# Visual Studio Version 17
VisualStudioVersion = 17.5.002.0
MinimumVisualStudioVersion = 10.0.40219.1
Project("{9A19103F-16F7-4668-BE54-9A1E7A4F7556}") = "FTG", "FTG.csproj", "{715EB086-738D-4D2C-A9DF-38E2BED241EC}"
EndProject
Global
	GlobalSection(SolutionConfigurationPlatforms) = preSolution
		Debug|Any CPU = Debug|Any CPU
		Release|Any CPU = Release|Any CPU
	EndGlobalSection
	GlobalSection(ProjectConfigurationPlatforms) = postSolution
		{715EB086-738D-4D2C-A9DF-38E2BED241EC}.Debug|Any CPU.ActiveCfg = Debug|Any CPU
		{715EB086-738D-4D2C-A9DF-38E2BED241EC}.Debug|Any CPU.Build.0 = Debug|Any CPU
		{715EB086-738D-4D2C-A9DF-38E2BED241EC}.Release|Any CPU.ActiveCfg = Release|Any CPU
		{715EB086-738D-4D2C-A9DF-38E2BED241EC}.Release|Any CPU.Build.0 = Release|Any CPU
	EndGlobalSection
	GlobalSection(SolutionProperties) = preSolution
		HideSolutionNode = FALSE
	EndGlobalSection
	GlobalSection(ExtensibilityGlobals) = postSolution
		SolutionGuid = {92BEB63F-8340-4D77-901A-B6065F3752F0}
	EndGlobalSection
EndGlobal
